
Microsoft Visual Studio Solution File, Format Version 12.00
# Visual Studio Version 17
VisualStudioVersion = 17.8.34408.163
MinimumVisualStudioVersion = 10.0.40219.1
Project("{FAE04EC0-301F-11D3-BF4B-00C04F79EFBC}") = "174271_Itzel_Xhunaxhi_Flores_Ordaz", "174271_Itzel_Xhunaxhi_Flores_Ordaz.csproj", "{B811A6CB-A935-42BD-9FA7-F92DD06CA85E}"
EndProject
Global
	GlobalSection(SolutionConfigurationPlatforms) = preSolution
		Debug|Any CPU = Debug|Any CPU
		Release|Any CPU = Release|Any CPU
	EndGlobalSection
	GlobalSection(ProjectConfigurationPlatforms) = postSolution
		{B811A6CB-A935-42BD-9FA7-F92DD06CA85E}.Debug|Any CPU.ActiveCfg = Debug|Any CPU
		{B811A6CB-A935-42BD-9FA7-F92DD06CA85E}.Debug|Any CPU.Build.0 = Debug|Any CPU
		{B811A6CB-A935-42BD-9FA7-F92DD06CA85E}.Release|Any CPU.ActiveCfg = Release|Any CPU
		{B811A6CB-A935-42BD-9FA7-F92DD06CA85E}.Release|Any CPU.Build.0 = Release|Any CPU
	EndGlobalSection
	GlobalSection(SolutionProperties) = preSolution
		HideSolutionNode = FALSE
	EndGlobalSection
	GlobalSection(ExtensibilityGlobals) = postSolution
		SolutionGuid = {06DC83AC-11A8-41D2-8F2E-B4D6AEF4D1E2}
	EndGlobalSection
EndGlobal
